// !$*UTF8*$!
{
	archiveVersion = 1;
	classes = {
	};
	objectVersion = 56;
	objects = {

/* Begin PBXBuildFile section */
		6B8FED492992B16C00258282 /* ButtonConfig.swift in Sources */ = {isa = PBXBuildFile; fileRef = 6B8FED482992B16C00258282 /* ButtonConfig.swift */; };
		6B8FED4B2992C9C400258282 /* FinalScoreConfig.swift in Sources */ = {isa = PBXBuildFile; fileRef = 6B8FED4A2992C9C400258282 /* FinalScoreConfig.swift */; };
		6B8FED4D29941AF600258282 /* RoundScoreConfig.swift in Sources */ = {isa = PBXBuildFile; fileRef = 6B8FED4C29941AF600258282 /* RoundScoreConfig.swift */; };
		910509EF298C42AC004DAC98 /* NanoChallenge007App.swift in Sources */ = {isa = PBXBuildFile; fileRef = 910509EE298C42AC004DAC98 /* NanoChallenge007App.swift */; };
		910509F1298C42AC004DAC98 /* LaunchScreen.swift in Sources */ = {isa = PBXBuildFile; fileRef = 910509F0298C42AC004DAC98 /* LaunchScreen.swift */; };
		910509F3298C42AD004DAC98 /* Assets.xcassets in Resources */ = {isa = PBXBuildFile; fileRef = 910509F2298C42AD004DAC98 /* Assets.xcassets */; };
		910509F7298C42AD004DAC98 /* Preview Assets.xcassets in Resources */ = {isa = PBXBuildFile; fileRef = 910509F6298C42AD004DAC98 /* Preview Assets.xcassets */; };
		91050A01298C42AD004DAC98 /* NanoChallenge007Tests.swift in Sources */ = {isa = PBXBuildFile; fileRef = 91050A00298C42AD004DAC98 /* NanoChallenge007Tests.swift */; };
		91050A0B298C42AD004DAC98 /* NanoChallenge007UITests.swift in Sources */ = {isa = PBXBuildFile; fileRef = 91050A0A298C42AD004DAC98 /* NanoChallenge007UITests.swift */; };
		91050A0D298C42AD004DAC98 /* NanoChallenge007UITestsLaunchTests.swift in Sources */ = {isa = PBXBuildFile; fileRef = 91050A0C298C42AD004DAC98 /* NanoChallenge007UITestsLaunchTests.swift */; };
		91050A1E298C56C3004DAC98 /* Deck.swift in Sources */ = {isa = PBXBuildFile; fileRef = 91050A1D298C56C3004DAC98 /* Deck.swift */; };
		91050A20298C5800004DAC98 /* CardModel.swift in Sources */ = {isa = PBXBuildFile; fileRef = 91050A1F298C5800004DAC98 /* CardModel.swift */; };
		915FEF1D299182150096DB54 /* PlayerModel.swift in Sources */ = {isa = PBXBuildFile; fileRef = 915FEF1C299182150096DB54 /* PlayerModel.swift */; };
		915FEF1F299184440096DB54 /* GameManager.swift in Sources */ = {isa = PBXBuildFile; fileRef = 915FEF1E299184440096DB54 /* GameManager.swift */; };
		9190BD6F298D78BB00E8ECE1 /* ShuffleModel.swift in Sources */ = {isa = PBXBuildFile; fileRef = 9190BD6E298D78BB00E8ECE1 /* ShuffleModel.swift */; };
		9190BD73298D79E400E8ECE1 /* DrawModel.swift in Sources */ = {isa = PBXBuildFile; fileRef = 9190BD72298D79E400E8ECE1 /* DrawModel.swift */; };
		9190BD75298D80E700E8ECE1 /* DeckUtils.swift in Sources */ = {isa = PBXBuildFile; fileRef = 9190BD74298D80E700E8ECE1 /* DeckUtils.swift */; };
		9190BD77298D84B000E8ECE1 /* HomeView.swift in Sources */ = {isa = PBXBuildFile; fileRef = 9190BD76298D84B000E8ECE1 /* HomeView.swift */; };
		91EBE4082992E9FF0096C23F /* PlayerUtils.swift in Sources */ = {isa = PBXBuildFile; fileRef = 91EBE4072992E9FF0096C23F /* PlayerUtils.swift */; };
/* End PBXBuildFile section */

/* Begin PBXContainerItemProxy section */
		910509FD298C42AD004DAC98 /* PBXContainerItemProxy */ = {
			isa = PBXContainerItemProxy;
			containerPortal = 910509E3298C42AC004DAC98 /* Project object */;
			proxyType = 1;
			remoteGlobalIDString = 910509EA298C42AC004DAC98;
			remoteInfo = NanoChallenge007;
		};
		91050A07298C42AD004DAC98 /* PBXContainerItemProxy */ = {
			isa = PBXContainerItemProxy;
			containerPortal = 910509E3298C42AC004DAC98 /* Project object */;
			proxyType = 1;
			remoteGlobalIDString = 910509EA298C42AC004DAC98;
			remoteInfo = NanoChallenge007;
		};
/* End PBXContainerItemProxy section */

/* Begin PBXFileReference section */
		6B8FED482992B16C00258282 /* ButtonConfig.swift */ = {isa = PBXFileReference; lastKnownFileType = sourcecode.swift; path = ButtonConfig.swift; sourceTree = "<group>"; };
		6B8FED4A2992C9C400258282 /* FinalScoreConfig.swift */ = {isa = PBXFileReference; lastKnownFileType = sourcecode.swift; path = FinalScoreConfig.swift; sourceTree = "<group>"; };
		6B8FED4C29941AF600258282 /* RoundScoreConfig.swift */ = {isa = PBXFileReference; lastKnownFileType = sourcecode.swift; path = RoundScoreConfig.swift; sourceTree = "<group>"; };
		6B8FED4E299574FE00258282 /* Info.plist */ = {isa = PBXFileReference; lastKnownFileType = text.plist; path = Info.plist; sourceTree = "<group>"; };
		910509EB298C42AC004DAC98 /* NanoChallenge007.app */ = {isa = PBXFileReference; explicitFileType = wrapper.application; includeInIndex = 0; path = NanoChallenge007.app; sourceTree = BUILT_PRODUCTS_DIR; };
		910509EE298C42AC004DAC98 /* NanoChallenge007App.swift */ = {isa = PBXFileReference; lastKnownFileType = sourcecode.swift; path = NanoChallenge007App.swift; sourceTree = "<group>"; };
		910509F0298C42AC004DAC98 /* LaunchScreen.swift */ = {isa = PBXFileReference; lastKnownFileType = sourcecode.swift; path = LaunchScreen.swift; sourceTree = "<group>"; };
		910509F2298C42AD004DAC98 /* Assets.xcassets */ = {isa = PBXFileReference; lastKnownFileType = folder.assetcatalog; path = Assets.xcassets; sourceTree = "<group>"; };
		910509F4298C42AD004DAC98 /* NanoChallenge007.entitlements */ = {isa = PBXFileReference; lastKnownFileType = text.plist.entitlements; path = NanoChallenge007.entitlements; sourceTree = "<group>"; };
		910509F6298C42AD004DAC98 /* Preview Assets.xcassets */ = {isa = PBXFileReference; lastKnownFileType = folder.assetcatalog; path = "Preview Assets.xcassets"; sourceTree = "<group>"; };
		910509FC298C42AD004DAC98 /* NanoChallenge007Tests.xctest */ = {isa = PBXFileReference; explicitFileType = wrapper.cfbundle; includeInIndex = 0; path = NanoChallenge007Tests.xctest; sourceTree = BUILT_PRODUCTS_DIR; };
		91050A00298C42AD004DAC98 /* NanoChallenge007Tests.swift */ = {isa = PBXFileReference; lastKnownFileType = sourcecode.swift; path = NanoChallenge007Tests.swift; sourceTree = "<group>"; };
		91050A06298C42AD004DAC98 /* NanoChallenge007UITests.xctest */ = {isa = PBXFileReference; explicitFileType = wrapper.cfbundle; includeInIndex = 0; path = NanoChallenge007UITests.xctest; sourceTree = BUILT_PRODUCTS_DIR; };
		91050A0A298C42AD004DAC98 /* NanoChallenge007UITests.swift */ = {isa = PBXFileReference; lastKnownFileType = sourcecode.swift; path = NanoChallenge007UITests.swift; sourceTree = "<group>"; };
		91050A0C298C42AD004DAC98 /* NanoChallenge007UITestsLaunchTests.swift */ = {isa = PBXFileReference; lastKnownFileType = sourcecode.swift; path = NanoChallenge007UITestsLaunchTests.swift; sourceTree = "<group>"; };
		91050A1D298C56C3004DAC98 /* Deck.swift */ = {isa = PBXFileReference; lastKnownFileType = sourcecode.swift; path = Deck.swift; sourceTree = "<group>"; };
		91050A1F298C5800004DAC98 /* CardModel.swift */ = {isa = PBXFileReference; lastKnownFileType = sourcecode.swift; path = CardModel.swift; sourceTree = "<group>"; };
		915FEF1C299182150096DB54 /* PlayerModel.swift */ = {isa = PBXFileReference; lastKnownFileType = sourcecode.swift; path = PlayerModel.swift; sourceTree = "<group>"; };
		915FEF1E299184440096DB54 /* GameManager.swift */ = {isa = PBXFileReference; lastKnownFileType = sourcecode.swift; path = GameManager.swift; sourceTree = "<group>"; };
		9190BD6E298D78BB00E8ECE1 /* ShuffleModel.swift */ = {isa = PBXFileReference; lastKnownFileType = sourcecode.swift; path = ShuffleModel.swift; sourceTree = "<group>"; };
		9190BD72298D79E400E8ECE1 /* DrawModel.swift */ = {isa = PBXFileReference; lastKnownFileType = sourcecode.swift; path = DrawModel.swift; sourceTree = "<group>"; };
		9190BD74298D80E700E8ECE1 /* DeckUtils.swift */ = {isa = PBXFileReference; lastKnownFileType = sourcecode.swift; path = DeckUtils.swift; sourceTree = "<group>"; };
		9190BD76298D84B000E8ECE1 /* HomeView.swift */ = {isa = PBXFileReference; lastKnownFileType = sourcecode.swift; path = HomeView.swift; sourceTree = "<group>"; };
		91EBE4072992E9FF0096C23F /* PlayerUtils.swift */ = {isa = PBXFileReference; lastKnownFileType = sourcecode.swift; path = PlayerUtils.swift; sourceTree = "<group>"; };
/* End PBXFileReference section */

/* Begin PBXFrameworksBuildPhase section */
		910509E8298C42AC004DAC98 /* Frameworks */ = {
			isa = PBXFrameworksBuildPhase;
			buildActionMask = 2147483647;
			files = (
			);
			runOnlyForDeploymentPostprocessing = 0;
		};
		910509F9298C42AD004DAC98 /* Frameworks */ = {
			isa = PBXFrameworksBuildPhase;
			buildActionMask = 2147483647;
			files = (
			);
			runOnlyForDeploymentPostprocessing = 0;
		};
		91050A03298C42AD004DAC98 /* Frameworks */ = {
			isa = PBXFrameworksBuildPhase;
			buildActionMask = 2147483647;
			files = (
			);
			runOnlyForDeploymentPostprocessing = 0;
		};
/* End PBXFrameworksBuildPhase section */

/* Begin PBXGroup section */
		910509E2298C42AC004DAC98 = {
			isa = PBXGroup;
			children = (
				910509ED298C42AC004DAC98 /* NanoChallenge007 */,
				910509FF298C42AD004DAC98 /* NanoChallenge007Tests */,
				91050A09298C42AD004DAC98 /* NanoChallenge007UITests */,
				910509EC298C42AC004DAC98 /* Products */,
			);
			sourceTree = "<group>";
		};
		910509EC298C42AC004DAC98 /* Products */ = {
			isa = PBXGroup;
			children = (
				910509EB298C42AC004DAC98 /* NanoChallenge007.app */,
				910509FC298C42AD004DAC98 /* NanoChallenge007Tests.xctest */,
				91050A06298C42AD004DAC98 /* NanoChallenge007UITests.xctest */,
			);
			name = Products;
			sourceTree = "<group>";
		};
		910509ED298C42AC004DAC98 /* NanoChallenge007 */ = {
			isa = PBXGroup;
			children = (
				6B8FED4E299574FE00258282 /* Info.plist */,
				910509EE298C42AC004DAC98 /* NanoChallenge007App.swift */,
				910509F0298C42AC004DAC98 /* LaunchScreen.swift */,
				91050A19298C42BD004DAC98 /* View */,
				91050A1A298C42C2004DAC98 /* ViewModel */,
				91050A1B298C42C8004DAC98 /* Model */,
				910509F2298C42AD004DAC98 /* Assets.xcassets */,
				910509F4298C42AD004DAC98 /* NanoChallenge007.entitlements */,
				910509F5298C42AD004DAC98 /* Preview Content */,
			);
			path = NanoChallenge007;
			sourceTree = "<group>";
		};
		910509F5298C42AD004DAC98 /* Preview Content */ = {
			isa = PBXGroup;
			children = (
				910509F6298C42AD004DAC98 /* Preview Assets.xcassets */,
			);
			path = "Preview Content";
			sourceTree = "<group>";
		};
		910509FF298C42AD004DAC98 /* NanoChallenge007Tests */ = {
			isa = PBXGroup;
			children = (
				91050A00298C42AD004DAC98 /* NanoChallenge007Tests.swift */,
			);
			path = NanoChallenge007Tests;
			sourceTree = "<group>";
		};
		91050A09298C42AD004DAC98 /* NanoChallenge007UITests */ = {
			isa = PBXGroup;
			children = (
				91050A0A298C42AD004DAC98 /* NanoChallenge007UITests.swift */,
				91050A0C298C42AD004DAC98 /* NanoChallenge007UITestsLaunchTests.swift */,
			);
			path = NanoChallenge007UITests;
			sourceTree = "<group>";
		};
		91050A19298C42BD004DAC98 /* View */ = {
			isa = PBXGroup;
			children = (
				9190BD76298D84B000E8ECE1 /* HomeView.swift */,
			);
			path = View;
			sourceTree = "<group>";
		};
		91050A1A298C42C2004DAC98 /* ViewModel */ = {
			isa = PBXGroup;
			children = (
				915FEF1B299181EB0096DB54 /* GameFlow */,
				9190BD74298D80E700E8ECE1 /* DeckUtils.swift */,
				91EBE4072992E9FF0096C23F /* PlayerUtils.swift */,
				6B8FED482992B16C00258282 /* ButtonConfig.swift */,
				6B8FED4A2992C9C400258282 /* FinalScoreConfig.swift */,
				6B8FED4C29941AF600258282 /* RoundScoreConfig.swift */,
			);
			path = ViewModel;
			sourceTree = "<group>";
		};
		91050A1B298C42C8004DAC98 /* Model */ = {
			isa = PBXGroup;
			children = (
				91050A1C298C42DD004DAC98 /* Json */,
				915FEF1C299182150096DB54 /* PlayerModel.swift */,
			);
			path = Model;
			sourceTree = "<group>";
		};
		91050A1C298C42DD004DAC98 /* Json */ = {
			isa = PBXGroup;
			children = (
				91050A1D298C56C3004DAC98 /* Deck.swift */,
				91050A1F298C5800004DAC98 /* CardModel.swift */,
				9190BD6E298D78BB00E8ECE1 /* ShuffleModel.swift */,
				9190BD72298D79E400E8ECE1 /* DrawModel.swift */,
			);
			path = Json;
			sourceTree = "<group>";
		};
		915FEF1B299181EB0096DB54 /* GameFlow */ = {
			isa = PBXGroup;
			children = (
				915FEF1E299184440096DB54 /* GameManager.swift */,
			);
			path = GameFlow;
			sourceTree = "<group>";
		};
/* End PBXGroup section */

/* Begin PBXNativeTarget section */
		910509EA298C42AC004DAC98 /* NanoChallenge007 */ = {
			isa = PBXNativeTarget;
			buildConfigurationList = 91050A10298C42AD004DAC98 /* Build configuration list for PBXNativeTarget "NanoChallenge007" */;
			buildPhases = (
				910509E7298C42AC004DAC98 /* Sources */,
				910509E8298C42AC004DAC98 /* Frameworks */,
				910509E9298C42AC004DAC98 /* Resources */,
			);
			buildRules = (
			);
			dependencies = (
			);
			name = NanoChallenge007;
			productName = NanoChallenge007;
			productReference = 910509EB298C42AC004DAC98 /* NanoChallenge007.app */;
			productType = "com.apple.product-type.application";
		};
		910509FB298C42AD004DAC98 /* NanoChallenge007Tests */ = {
			isa = PBXNativeTarget;
			buildConfigurationList = 91050A13298C42AD004DAC98 /* Build configuration list for PBXNativeTarget "NanoChallenge007Tests" */;
			buildPhases = (
				910509F8298C42AD004DAC98 /* Sources */,
				910509F9298C42AD004DAC98 /* Frameworks */,
				910509FA298C42AD004DAC98 /* Resources */,
			);
			buildRules = (
			);
			dependencies = (
				910509FE298C42AD004DAC98 /* PBXTargetDependency */,
			);
			name = NanoChallenge007Tests;
			productName = NanoChallenge007Tests;
			productReference = 910509FC298C42AD004DAC98 /* NanoChallenge007Tests.xctest */;
			productType = "com.apple.product-type.bundle.unit-test";
		};
		91050A05298C42AD004DAC98 /* NanoChallenge007UITests */ = {
			isa = PBXNativeTarget;
			buildConfigurationList = 91050A16298C42AD004DAC98 /* Build configuration list for PBXNativeTarget "NanoChallenge007UITests" */;
			buildPhases = (
				91050A02298C42AD004DAC98 /* Sources */,
				91050A03298C42AD004DAC98 /* Frameworks */,
				91050A04298C42AD004DAC98 /* Resources */,
			);
			buildRules = (
			);
			dependencies = (
				91050A08298C42AD004DAC98 /* PBXTargetDependency */,
			);
			name = NanoChallenge007UITests;
			productName = NanoChallenge007UITests;
			productReference = 91050A06298C42AD004DAC98 /* NanoChallenge007UITests.xctest */;
			productType = "com.apple.product-type.bundle.ui-testing";
		};
/* End PBXNativeTarget section */

/* Begin PBXProject section */
		910509E3298C42AC004DAC98 /* Project object */ = {
			isa = PBXProject;
			attributes = {
				BuildIndependentTargetsInParallel = 1;
				LastSwiftUpdateCheck = 1410;
				LastUpgradeCheck = 1410;
				TargetAttributes = {
					910509EA298C42AC004DAC98 = {
						CreatedOnToolsVersion = 14.1;
					};
					910509FB298C42AD004DAC98 = {
						CreatedOnToolsVersion = 14.1;
						TestTargetID = 910509EA298C42AC004DAC98;
					};
					91050A05298C42AD004DAC98 = {
						CreatedOnToolsVersion = 14.1;
						TestTargetID = 910509EA298C42AC004DAC98;
					};
				};
			};
			buildConfigurationList = 910509E6298C42AC004DAC98 /* Build configuration list for PBXProject "NanoChallenge007" */;
			compatibilityVersion = "Xcode 14.0";
			developmentRegion = en;
			hasScannedForEncodings = 0;
			knownRegions = (
				en,
				Base,
			);
			mainGroup = 910509E2298C42AC004DAC98;
			productRefGroup = 910509EC298C42AC004DAC98 /* Products */;
			projectDirPath = "";
			projectRoot = "";
			targets = (
				910509EA298C42AC004DAC98 /* NanoChallenge007 */,
				910509FB298C42AD004DAC98 /* NanoChallenge007Tests */,
				91050A05298C42AD004DAC98 /* NanoChallenge007UITests */,
			);
		};
/* End PBXProject section */

/* Begin PBXResourcesBuildPhase section */
		910509E9298C42AC004DAC98 /* Resources */ = {
			isa = PBXResourcesBuildPhase;
			buildActionMask = 2147483647;
			files = (
				910509F7298C42AD004DAC98 /* Preview Assets.xcassets in Resources */,
				910509F3298C42AD004DAC98 /* Assets.xcassets in Resources */,
			);
			runOnlyForDeploymentPostprocessing = 0;
		};
		910509FA298C42AD004DAC98 /* Resources */ = {
			isa = PBXResourcesBuildPhase;
			buildActionMask = 2147483647;
			files = (
			);
			runOnlyForDeploymentPostprocessing = 0;
		};
		91050A04298C42AD004DAC98 /* Resources */ = {
			isa = PBXResourcesBuildPhase;
			buildActionMask = 2147483647;
			files = (
			);
			runOnlyForDeploymentPostprocessing = 0;
		};
/* End PBXResourcesBuildPhase section */

/* Begin PBXSourcesBuildPhase section */
		910509E7298C42AC004DAC98 /* Sources */ = {
			isa = PBXSourcesBuildPhase;
			buildActionMask = 2147483647;
			files = (
				6B8FED4D29941AF600258282 /* RoundScoreConfig.swift in Sources */,
				91050A1E298C56C3004DAC98 /* Deck.swift in Sources */,
				91EBE4082992E9FF0096C23F /* PlayerUtils.swift in Sources */,
				9190BD73298D79E400E8ECE1 /* DrawModel.swift in Sources */,
				91050A20298C5800004DAC98 /* CardModel.swift in Sources */,
				915FEF1D299182150096DB54 /* PlayerModel.swift in Sources */,
				9190BD6F298D78BB00E8ECE1 /* ShuffleModel.swift in Sources */,
				6B8FED492992B16C00258282 /* ButtonConfig.swift in Sources */,
				9190BD75298D80E700E8ECE1 /* DeckUtils.swift in Sources */,
				6B8FED4B2992C9C400258282 /* FinalScoreConfig.swift in Sources */,
				9190BD77298D84B000E8ECE1 /* HomeView.swift in Sources */,
				910509F1298C42AC004DAC98 /* LaunchScreen.swift in Sources */,
				910509EF298C42AC004DAC98 /* NanoChallenge007App.swift in Sources */,
				915FEF1F299184440096DB54 /* GameManager.swift in Sources */,
			);
			runOnlyForDeploymentPostprocessing = 0;
		};
		910509F8298C42AD004DAC98 /* Sources */ = {
			isa = PBXSourcesBuildPhase;
			buildActionMask = 2147483647;
			files = (
				91050A01298C42AD004DAC98 /* NanoChallenge007Tests.swift in Sources */,
			);
			runOnlyForDeploymentPostprocessing = 0;
		};
		91050A02298C42AD004DAC98 /* Sources */ = {
			isa = PBXSourcesBuildPhase;
			buildActionMask = 2147483647;
			files = (
				91050A0D298C42AD004DAC98 /* NanoChallenge007UITestsLaunchTests.swift in Sources */,
				91050A0B298C42AD004DAC98 /* NanoChallenge007UITests.swift in Sources */,
			);
			runOnlyForDeploymentPostprocessing = 0;
		};
/* End PBXSourcesBuildPhase section */

/* Begin PBXTargetDependency section */
		910509FE298C42AD004DAC98 /* PBXTargetDependency */ = {
			isa = PBXTargetDependency;
			target = 910509EA298C42AC004DAC98 /* NanoChallenge007 */;
			targetProxy = 910509FD298C42AD004DAC98 /* PBXContainerItemProxy */;
		};
		91050A08298C42AD004DAC98 /* PBXTargetDependency */ = {
			isa = PBXTargetDependency;
			target = 910509EA298C42AC004DAC98 /* NanoChallenge007 */;
			targetProxy = 91050A07298C42AD004DAC98 /* PBXContainerItemProxy */;
		};
/* End PBXTargetDependency section */

/* Begin XCBuildConfiguration section */
		91050A0E298C42AD004DAC98 /* Debug */ = {
			isa = XCBuildConfiguration;
			buildSettings = {
				ALWAYS_SEARCH_USER_PATHS = NO;
				CLANG_ANALYZER_NONNULL = YES;
				CLANG_ANALYZER_NUMBER_OBJECT_CONVERSION = YES_AGGRESSIVE;
				CLANG_CXX_LANGUAGE_STANDARD = "gnu++20";
				CLANG_ENABLE_MODULES = YES;
				CLANG_ENABLE_OBJC_ARC = YES;
				CLANG_ENABLE_OBJC_WEAK = YES;
				CLANG_WARN_BLOCK_CAPTURE_AUTORELEASING = YES;
				CLANG_WARN_BOOL_CONVERSION = YES;
				CLANG_WARN_COMMA = YES;
				CLANG_WARN_CONSTANT_CONVERSION = YES;
				CLANG_WARN_DEPRECATED_OBJC_IMPLEMENTATIONS = YES;
				CLANG_WARN_DIRECT_OBJC_ISA_USAGE = YES_ERROR;
				CLANG_WARN_DOCUMENTATION_COMMENTS = YES;
				CLANG_WARN_EMPTY_BODY = YES;
				CLANG_WARN_ENUM_CONVERSION = YES;
				CLANG_WARN_INFINITE_RECURSION = YES;
				CLANG_WARN_INT_CONVERSION = YES;
				CLANG_WARN_NON_LITERAL_NULL_CONVERSION = YES;
				CLANG_WARN_OBJC_IMPLICIT_RETAIN_SELF = YES;
				CLANG_WARN_OBJC_LITERAL_CONVERSION = YES;
				CLANG_WARN_OBJC_ROOT_CLASS = YES_ERROR;
				CLANG_WARN_QUOTED_INCLUDE_IN_FRAMEWORK_HEADER = YES;
				CLANG_WARN_RANGE_LOOP_ANALYSIS = YES;
				CLANG_WARN_STRICT_PROTOTYPES = YES;
				CLANG_WARN_SUSPICIOUS_MOVE = YES;
				CLANG_WARN_UNGUARDED_AVAILABILITY = YES_AGGRESSIVE;
				CLANG_WARN_UNREACHABLE_CODE = YES;
				CLANG_WARN__DUPLICATE_METHOD_MATCH = YES;
				COPY_PHASE_STRIP = NO;
				DEBUG_INFORMATION_FORMAT = dwarf;
				ENABLE_STRICT_OBJC_MSGSEND = YES;
				ENABLE_TESTABILITY = YES;
				GCC_C_LANGUAGE_STANDARD = gnu11;
				GCC_DYNAMIC_NO_PIC = NO;
				GCC_NO_COMMON_BLOCKS = YES;
				GCC_OPTIMIZATION_LEVEL = 0;
				GCC_PREPROCESSOR_DEFINITIONS = (
					"DEBUG=1",
					"$(inherited)",
				);
				GCC_WARN_64_TO_32_BIT_CONVERSION = YES;
				GCC_WARN_ABOUT_RETURN_TYPE = YES_ERROR;
				GCC_WARN_UNDECLARED_SELECTOR = YES;
				GCC_WARN_UNINITIALIZED_AUTOS = YES_AGGRESSIVE;
				GCC_WARN_UNUSED_FUNCTION = YES;
				GCC_WARN_UNUSED_VARIABLE = YES;
				MTL_ENABLE_DEBUG_INFO = INCLUDE_SOURCE;
				MTL_FAST_MATH = YES;
				ONLY_ACTIVE_ARCH = YES;
				SWIFT_ACTIVE_COMPILATION_CONDITIONS = DEBUG;
				SWIFT_OPTIMIZATION_LEVEL = "-Onone";
			};
			name = Debug;
		};
		91050A0F298C42AD004DAC98 /* Release */ = {
			isa = XCBuildConfiguration;
			buildSettings = {
				ALWAYS_SEARCH_USER_PATHS = NO;
				CLANG_ANALYZER_NONNULL = YES;
				CLANG_ANALYZER_NUMBER_OBJECT_CONVERSION = YES_AGGRESSIVE;
				CLANG_CXX_LANGUAGE_STANDARD = "gnu++20";
				CLANG_ENABLE_MODULES = YES;
				CLANG_ENABLE_OBJC_ARC = YES;
				CLANG_ENABLE_OBJC_WEAK = YES;
				CLANG_WARN_BLOCK_CAPTURE_AUTORELEASING = YES;
				CLANG_WARN_BOOL_CONVERSION = YES;
				CLANG_WARN_COMMA = YES;
				CLANG_WARN_CONSTANT_CONVERSION = YES;
				CLANG_WARN_DEPRECATED_OBJC_IMPLEMENTATIONS = YES;
				CLANG_WARN_DIRECT_OBJC_ISA_USAGE = YES_ERROR;
				CLANG_WARN_DOCUMENTATION_COMMENTS = YES;
				CLANG_WARN_EMPTY_BODY = YES;
				CLANG_WARN_ENUM_CONVERSION = YES;
				CLANG_WARN_INFINITE_RECURSION = YES;
				CLANG_WARN_INT_CONVERSION = YES;
				CLANG_WARN_NON_LITERAL_NULL_CONVERSION = YES;
				CLANG_WARN_OBJC_IMPLICIT_RETAIN_SELF = YES;
				CLANG_WARN_OBJC_LITERAL_CONVERSION = YES;
				CLANG_WARN_OBJC_ROOT_CLASS = YES_ERROR;
				CLANG_WARN_QUOTED_INCLUDE_IN_FRAMEWORK_HEADER = YES;
				CLANG_WARN_RANGE_LOOP_ANALYSIS = YES;
				CLANG_WARN_STRICT_PROTOTYPES = YES;
				CLANG_WARN_SUSPICIOUS_MOVE = YES;
				CLANG_WARN_UNGUARDED_AVAILABILITY = YES_AGGRESSIVE;
				CLANG_WARN_UNREACHABLE_CODE = YES;
				CLANG_WARN__DUPLICATE_METHOD_MATCH = YES;
				COPY_PHASE_STRIP = NO;
				DEBUG_INFORMATION_FORMAT = "dwarf-with-dsym";
				ENABLE_NS_ASSERTIONS = NO;
				ENABLE_STRICT_OBJC_MSGSEND = YES;
				GCC_C_LANGUAGE_STANDARD = gnu11;
				GCC_NO_COMMON_BLOCKS = YES;
				GCC_WARN_64_TO_32_BIT_CONVERSION = YES;
				GCC_WARN_ABOUT_RETURN_TYPE = YES_ERROR;
				GCC_WARN_UNDECLARED_SELECTOR = YES;
				GCC_WARN_UNINITIALIZED_AUTOS = YES_AGGRESSIVE;
				GCC_WARN_UNUSED_FUNCTION = YES;
				GCC_WARN_UNUSED_VARIABLE = YES;
				MTL_ENABLE_DEBUG_INFO = NO;
				MTL_FAST_MATH = YES;
				SWIFT_COMPILATION_MODE = wholemodule;
				SWIFT_OPTIMIZATION_LEVEL = "-O";
			};
			name = Release;
		};
		91050A11298C42AD004DAC98 /* Debug */ = {
			isa = XCBuildConfiguration;
			buildSettings = {
				ASSETCATALOG_COMPILER_APPICON_NAME = AppIcon;
				ASSETCATALOG_COMPILER_GLOBAL_ACCENT_COLOR_NAME = AccentColor;
				CODE_SIGN_ENTITLEMENTS = NanoChallenge007/NanoChallenge007.entitlements;
				"CODE_SIGN_IDENTITY[sdk=macosx*]" = "Apple Development";
				CODE_SIGN_STYLE = Automatic;
				CURRENT_PROJECT_VERSION = 1;
				DEVELOPMENT_ASSET_PATHS = "\"NanoChallenge007/Preview Content\"";
				DEVELOPMENT_TEAM = 66824UF4JS;
				ENABLE_HARDENED_RUNTIME = YES;
				ENABLE_PREVIEWS = YES;
				GENERATE_INFOPLIST_FILE = YES;
				INFOPLIST_FILE = NanoChallenge007/Info.plist;
				INFOPLIST_KEY_CFBundleDisplayName = VinteUm;
				"INFOPLIST_KEY_UIApplicationSceneManifest_Generation[sdk=iphoneos*]" = YES;
				"INFOPLIST_KEY_UIApplicationSceneManifest_Generation[sdk=iphonesimulator*]" = YES;
				"INFOPLIST_KEY_UIApplicationSupportsIndirectInputEvents[sdk=iphoneos*]" = YES;
				"INFOPLIST_KEY_UIApplicationSupportsIndirectInputEvents[sdk=iphonesimulator*]" = YES;
				"INFOPLIST_KEY_UILaunchScreen_Generation[sdk=iphoneos*]" = YES;
				"INFOPLIST_KEY_UILaunchScreen_Generation[sdk=iphonesimulator*]" = YES;
				"INFOPLIST_KEY_UIStatusBarStyle[sdk=iphoneos*]" = UIStatusBarStyleDefault;
				"INFOPLIST_KEY_UIStatusBarStyle[sdk=iphonesimulator*]" = UIStatusBarStyleDefault;
				INFOPLIST_KEY_UISupportedInterfaceOrientations = UIInterfaceOrientationPortrait;
				INFOPLIST_KEY_UISupportedInterfaceOrientations_iPad = "UIInterfaceOrientationLandscapeLeft UIInterfaceOrientationLandscapeRight UIInterfaceOrientationPortrait";
				IPHONEOS_DEPLOYMENT_TARGET = 15.1;
				LD_RUNPATH_SEARCH_PATHS = "@executable_path/Frameworks";
				"LD_RUNPATH_SEARCH_PATHS[sdk=macosx*]" = "@executable_path/../Frameworks";
				MACOSX_DEPLOYMENT_TARGET = 13.0;
				MARKETING_VERSION = 1.0;
				PRODUCT_BUNDLE_IDENTIFIER = nano007.NanoChallenge007;
				PRODUCT_NAME = "$(TARGET_NAME)";
				SDKROOT = auto;
				SUPPORTED_PLATFORMS = "iphoneos iphonesimulator";
				SUPPORTS_MACCATALYST = NO;
				SUPPORTS_MAC_DESIGNED_FOR_IPHONE_IPAD = NO;
				SWIFT_EMIT_LOC_STRINGS = YES;
				SWIFT_VERSION = 5.0;
				TARGETED_DEVICE_FAMILY = 1;
			};
			name = Debug;
		};
		91050A12298C42AD004DAC98 /* Release */ = {
			isa = XCBuildConfiguration;
			buildSettings = {
				ASSETCATALOG_COMPILER_APPICON_NAME = AppIcon;
				ASSETCATALOG_COMPILER_GLOBAL_ACCENT_COLOR_NAME = AccentColor;
				CODE_SIGN_ENTITLEMENTS = NanoChallenge007/NanoChallenge007.entitlements;
				"CODE_SIGN_IDENTITY[sdk=macosx*]" = "Apple Development";
				CODE_SIGN_STYLE = Automatic;
				CURRENT_PROJECT_VERSION = 1;
				DEVELOPMENT_ASSET_PATHS = "\"NanoChallenge007/Preview Content\"";
				DEVELOPMENT_TEAM = 66824UF4JS;
				ENABLE_HARDENED_RUNTIME = YES;
				ENABLE_PREVIEWS = YES;
				GENERATE_INFOPLIST_FILE = YES;
				INFOPLIST_FILE = NanoChallenge007/Info.plist;
				INFOPLIST_KEY_CFBundleDisplayName = VinteUm;
				"INFOPLIST_KEY_UIApplicationSceneManifest_Generation[sdk=iphoneos*]" = YES;
				"INFOPLIST_KEY_UIApplicationSceneManifest_Generation[sdk=iphonesimulator*]" = YES;
				"INFOPLIST_KEY_UIApplicationSupportsIndirectInputEvents[sdk=iphoneos*]" = YES;
				"INFOPLIST_KEY_UIApplicationSupportsIndirectInputEvents[sdk=iphonesimulator*]" = YES;
				"INFOPLIST_KEY_UILaunchScreen_Generation[sdk=iphoneos*]" = YES;
				"INFOPLIST_KEY_UILaunchScreen_Generation[sdk=iphonesimulator*]" = YES;
				"INFOPLIST_KEY_UIStatusBarStyle[sdk=iphoneos*]" = UIStatusBarStyleDefault;
				"INFOPLIST_KEY_UIStatusBarStyle[sdk=iphonesimulator*]" = UIStatusBarStyleDefault;
				INFOPLIST_KEY_UISupportedInterfaceOrientations = UIInterfaceOrientationPortrait;
				INFOPLIST_KEY_UISupportedInterfaceOrientations_iPad = "UIInterfaceOrientationLandscapeLeft UIInterfaceOrientationLandscapeRight UIInterfaceOrientationPortrait";
				IPHONEOS_DEPLOYMENT_TARGET = 15.1;
				LD_RUNPATH_SEARCH_PATHS = "@executable_path/Frameworks";
				"LD_RUNPATH_SEARCH_PATHS[sdk=macosx*]" = "@executable_path/../Frameworks";
				MACOSX_DEPLOYMENT_TARGET = 13.0;
				MARKETING_VERSION = 1.0;
				PRODUCT_BUNDLE_IDENTIFIER = nano007.NanoChallenge007;
				PRODUCT_NAME = "$(TARGET_NAME)";
				SDKROOT = auto;
				SUPPORTED_PLATFORMS = "iphoneos iphonesimulator";
				SUPPORTS_MACCATALYST = NO;
				SUPPORTS_MAC_DESIGNED_FOR_IPHONE_IPAD = NO;
				SWIFT_EMIT_LOC_STRINGS = YES;
				SWIFT_VERSION = 5.0;
				TARGETED_DEVICE_FAMILY = 1;
			};
			name = Release;
		};
		91050A14298C42AD004DAC98 /* Debug */ = {
			isa = XCBuildConfiguration;
			buildSettings = {
				ALWAYS_EMBED_SWIFT_STANDARD_LIBRARIES = YES;
				BUNDLE_LOADER = "$(TEST_HOST)";
				CODE_SIGN_STYLE = Automatic;
				CURRENT_PROJECT_VERSION = 1;
				DEVELOPMENT_TEAM = 66824UF4JS;
				GENERATE_INFOPLIST_FILE = YES;
				IPHONEOS_DEPLOYMENT_TARGET = 16.1;
				MACOSX_DEPLOYMENT_TARGET = 13.0;
				MARKETING_VERSION = 1.0;
				PRODUCT_BUNDLE_IDENTIFIER = nano007.NanoChallenge007Tests;
				PRODUCT_NAME = "$(TARGET_NAME)";
				SDKROOT = auto;
				SUPPORTED_PLATFORMS = "iphoneos iphonesimulator macosx";
				SWIFT_EMIT_LOC_STRINGS = NO;
				SWIFT_VERSION = 5.0;
				TARGETED_DEVICE_FAMILY = "1,2";
				TEST_HOST = "$(BUILT_PRODUCTS_DIR)/NanoChallenge007.app/$(BUNDLE_EXECUTABLE_FOLDER_PATH)/NanoChallenge007";
			};
			name = Debug;
		};
		91050A15298C42AD004DAC98 /* Release */ = {
			isa = XCBuildConfiguration;
			buildSettings = {
				ALWAYS_EMBED_SWIFT_STANDARD_LIBRARIES = YES;
				BUNDLE_LOADER = "$(TEST_HOST)";
				CODE_SIGN_STYLE = Automatic;
				CURRENT_PROJECT_VERSION = 1;
				DEVELOPMENT_TEAM = 66824UF4JS;
				GENERATE_INFOPLIST_FILE = YES;
				IPHONEOS_DEPLOYMENT_TARGET = 16.1;
				MACOSX_DEPLOYMENT_TARGET = 13.0;
				MARKETING_VERSION = 1.0;
				PRODUCT_BUNDLE_IDENTIFIER = nano007.NanoChallenge007Tests;
				PRODUCT_NAME = "$(TARGET_NAME)";
				SDKROOT = auto;
				SUPPORTED_PLATFORMS = "iphoneos iphonesimulator macosx";
				SWIFT_EMIT_LOC_STRINGS = NO;
				SWIFT_VERSION = 5.0;
				TARGETED_DEVICE_FAMILY = "1,2";
				TEST_HOST = "$(BUILT_PRODUCTS_DIR)/NanoChallenge007.app/$(BUNDLE_EXECUTABLE_FOLDER_PATH)/NanoChallenge007";
			};
			name = Release;
		};
		91050A17298C42AD004DAC98 /* Debug */ = {
			isa = XCBuildConfiguration;
			buildSettings = {
				ALWAYS_EMBED_SWIFT_STANDARD_LIBRARIES = YES;
				CODE_SIGN_STYLE = Automatic;
				CURRENT_PROJECT_VERSION = 1;
				DEVELOPMENT_TEAM = 66824UF4JS;
				GENERATE_INFOPLIST_FILE = YES;
				IPHONEOS_DEPLOYMENT_TARGET = 16.1;
				MACOSX_DEPLOYMENT_TARGET = 13.0;
				MARKETING_VERSION = 1.0;
				PRODUCT_BUNDLE_IDENTIFIER = nano007.NanoChallenge007UITests;
				PRODUCT_NAME = "$(TARGET_NAME)";
				SDKROOT = auto;
				SUPPORTED_PLATFORMS = "iphoneos iphonesimulator macosx";
				SWIFT_EMIT_LOC_STRINGS = NO;
				SWIFT_VERSION = 5.0;
				TARGETED_DEVICE_FAMILY = "1,2";
				TEST_TARGET_NAME = NanoChallenge007;
			};
			name = Debug;
		};
		91050A18298C42AD004DAC98 /* Release */ = {
			isa = XCBuildConfiguration;
			buildSettings = {
				ALWAYS_EMBED_SWIFT_STANDARD_LIBRARIES = YES;
				CODE_SIGN_STYLE = Automatic;
				CURRENT_PROJECT_VERSION = 1;
				DEVELOPMENT_TEAM = 66824UF4JS;
				GENERATE_INFOPLIST_FILE = YES;
				IPHONEOS_DEPLOYMENT_TARGET = 16.1;
				MACOSX_DEPLOYMENT_TARGET = 13.0;
				MARKETING_VERSION = 1.0;
				PRODUCT_BUNDLE_IDENTIFIER = nano007.NanoChallenge007UITests;
				PRODUCT_NAME = "$(TARGET_NAME)";
				SDKROOT = auto;
				SUPPORTED_PLATFORMS = "iphoneos iphonesimulator macosx";
				SWIFT_EMIT_LOC_STRINGS = NO;
				SWIFT_VERSION = 5.0;
				TARGETED_DEVICE_FAMILY = "1,2";
				TEST_TARGET_NAME = NanoChallenge007;
			};
			name = Release;
		};
/* End XCBuildConfiguration section */

/* Begin XCConfigurationList section */
		910509E6298C42AC004DAC98 /* Build configuration list for PBXProject "NanoChallenge007" */ = {
			isa = XCConfigurationList;
			buildConfigurations = (
				91050A0E298C42AD004DAC98 /* Debug */,
				91050A0F298C42AD004DAC98 /* Release */,
			);
			defaultConfigurationIsVisible = 0;
			defaultConfigurationName = Release;
		};
		91050A10298C42AD004DAC98 /* Build configuration list for PBXNativeTarget "NanoChallenge007" */ = {
			isa = XCConfigurationList;
			buildConfigurations = (
				91050A11298C42AD004DAC98 /* Debug */,
				91050A12298C42AD004DAC98 /* Release */,
			);
			defaultConfigurationIsVisible = 0;
			defaultConfigurationName = Release;
		};
		91050A13298C42AD004DAC98 /* Build configuration list for PBXNativeTarget "NanoChallenge007Tests" */ = {
			isa = XCConfigurationList;
			buildConfigurations = (
				91050A14298C42AD004DAC98 /* Debug */,
				91050A15298C42AD004DAC98 /* Release */,
			);
			defaultConfigurationIsVisible = 0;
			defaultConfigurationName = Release;
		};
		91050A16298C42AD004DAC98 /* Build configuration list for PBXNativeTarget "NanoChallenge007UITests" */ = {
			isa = XCConfigurationList;
			buildConfigurations = (
				91050A17298C42AD004DAC98 /* Debug */,
				91050A18298C42AD004DAC98 /* Release */,
			);
			defaultConfigurationIsVisible = 0;
			defaultConfigurationName = Release;
		};
/* End XCConfigurationList section */
	};
	rootObject = 910509E3298C42AC004DAC98 /* Project object */;
}
